// !$*UTF8*$!
{
	archiveVersion = 1;
	classes = {
	};
	objectVersion = 46;
	objects = {

/* Begin PBXContainerItemProxy section */
		BAEE815A16006AB80052FDC8 /* PBXContainerItemProxy */ = {
			isa = PBXContainerItemProxy;
			containerPortal = BAEE815616006AB60052FDC8 /* QAAutoSample.xcodeproj */;
			proxyType = 2;
			remoteGlobalIDString = BAEE813B16006AB60052FDC8;
			remoteInfo = QAAutoSample;
		};
		BAEE817C16006AFC0052FDC8 /* PBXContainerItemProxy */ = {
			isa = PBXContainerItemProxy;
			containerPortal = BAEE817816006AFB0052FDC8 /* QAAutoLib.xcodeproj */;
			proxyType = 2;
			remoteGlobalIDString = BAEE816716006AFB0052FDC8;
			remoteInfo = QAAutoLib;
		};
/* End PBXContainerItemProxy section */

/* Begin PBXFileReference section */
		BA34F4FD15759ECC00EA1F50 /* OFQAJenkins-Info.plist */ = {isa = PBXFileReference; lastKnownFileType = text.plist.xml; path = "OFQAJenkins-Info.plist"; sourceTree = "<group>"; };
		BA34F4FF15759ECC00EA1F50 /* en */ = {isa = PBXFileReference; lastKnownFileType = text.plist.strings; name = en; path = en.lproj/InfoPlist.strings; sourceTree = "<group>"; };
		BA34F50115759ECC00EA1F50 /* main.m */ = {isa = PBXFileReference; lastKnownFileType = sourcecode.c.objc; path = main.m; sourceTree = "<group>"; };
		BA34F50315759ECC00EA1F50 /* OFQAJenkins-Prefix.pch */ = {isa = PBXFileReference; lastKnownFileType = sourcecode.c.h; path = "OFQAJenkins-Prefix.pch"; sourceTree = "<group>"; };
		BA34F50415759ECC00EA1F50 /* AppDelegate.h */ = {isa = PBXFileReference; lastKnownFileType = sourcecode.c.h; path = AppDelegate.h; sourceTree = "<group>"; };
		BA34F50515759ECC00EA1F50 /* AppDelegate.m */ = {isa = PBXFileReference; lastKnownFileType = sourcecode.c.objc; path = AppDelegate.m; sourceTree = "<group>"; };
		BA34F50815759ECC00EA1F50 /* en */ = {isa = PBXFileReference; lastKnownFileType = file.storyboard; name = en; path = en.lproj/MainStoryboard_iPhone.storyboard; sourceTree = "<group>"; };
		BA34F50B15759ECC00EA1F50 /* en */ = {isa = PBXFileReference; lastKnownFileType = file.storyboard; name = en; path = en.lproj/MainStoryboard_iPad.storyboard; sourceTree = "<group>"; };
		BA34F50D15759ECC00EA1F50 /* ViewController.h */ = {isa = PBXFileReference; lastKnownFileType = sourcecode.c.h; path = ViewController.h; sourceTree = "<group>"; };
		BA34F50E15759ECC00EA1F50 /* ViewController.m */ = {isa = PBXFileReference; lastKnownFileType = sourcecode.c.objc; path = ViewController.m; sourceTree = "<group>"; };
		BA64CB6E150DDF8900E8A9EE /* libsqlite3.dylib */ = {isa = PBXFileReference; lastKnownFileType = "compiled.mach-o.dylib"; name = libsqlite3.dylib; path = usr/lib/libsqlite3.dylib; sourceTree = SDKROOT; };
		BA64CB70150DDF9200E8A9EE /* libz.dylib */ = {isa = PBXFileReference; lastKnownFileType = "compiled.mach-o.dylib"; name = libz.dylib; path = usr/lib/libz.dylib; sourceTree = SDKROOT; };
		BA64CB72150DE03000E8A9EE /* StoreKit.framework */ = {isa = PBXFileReference; lastKnownFileType = wrapper.framework; name = StoreKit.framework; path = System/Library/Frameworks/StoreKit.framework; sourceTree = SDKROOT; };
		BA78B5FE14F792A200C4D6FB /* UIKit.framework */ = {isa = PBXFileReference; lastKnownFileType = wrapper.framework; name = UIKit.framework; path = System/Library/Frameworks/UIKit.framework; sourceTree = SDKROOT; };
		BA78B60114F792A200C4D6FB /* CoreGraphics.framework */ = {isa = PBXFileReference; lastKnownFileType = wrapper.framework; name = CoreGraphics.framework; path = System/Library/Frameworks/CoreGraphics.framework; sourceTree = SDKROOT; };
		BA89094E14F75D6100018B0F /* Foundation.framework */ = {isa = PBXFileReference; lastKnownFileType = wrapper.framework; name = Foundation.framework; path = System/Library/Frameworks/Foundation.framework; sourceTree = SDKROOT; };
		BAA80B74150DCF83003A94E9 /* MediaPlayer.framework */ = {isa = PBXFileReference; lastKnownFileType = wrapper.framework; name = MediaPlayer.framework; path = System/Library/Frameworks/MediaPlayer.framework; sourceTree = SDKROOT; };
		BAA80B76150DCF8E003A94E9 /* CoreTelephony.framework */ = {isa = PBXFileReference; lastKnownFileType = wrapper.framework; name = CoreTelephony.framework; path = System/Library/Frameworks/CoreTelephony.framework; sourceTree = SDKROOT; };
		BAA80B78150DCF97003A94E9 /* MessageUI.framework */ = {isa = PBXFileReference; lastKnownFileType = wrapper.framework; name = MessageUI.framework; path = System/Library/Frameworks/MessageUI.framework; sourceTree = SDKROOT; };
		BAA80B7A150DCF9E003A94E9 /* GameKit.framework */ = {isa = PBXFileReference; lastKnownFileType = wrapper.framework; name = GameKit.framework; path = System/Library/Frameworks/GameKit.framework; sourceTree = SDKROOT; };
		BAA80B7C150DCFBC003A94E9 /* QuartzCore.framework */ = {isa = PBXFileReference; lastKnownFileType = wrapper.framework; name = QuartzCore.framework; path = System/Library/Frameworks/QuartzCore.framework; sourceTree = SDKROOT; };
		BAA80B7E150DCFC7003A94E9 /* AddressBook.framework */ = {isa = PBXFileReference; lastKnownFileType = wrapper.framework; name = AddressBook.framework; path = System/Library/Frameworks/AddressBook.framework; sourceTree = SDKROOT; };
		BAA80B80150DCFCD003A94E9 /* Security.framework */ = {isa = PBXFileReference; lastKnownFileType = wrapper.framework; name = Security.framework; path = System/Library/Frameworks/Security.framework; sourceTree = SDKROOT; };
		BAA80B82150DD01D003A94E9 /* SystemConfiguration.framework */ = {isa = PBXFileReference; lastKnownFileType = wrapper.framework; name = SystemConfiguration.framework; path = System/Library/Frameworks/SystemConfiguration.framework; sourceTree = SDKROOT; };
		BAEE815616006AB60052FDC8 /* QAAutoSample.xcodeproj */ = {isa = PBXFileReference; lastKnownFileType = "wrapper.pb-project"; name = QAAutoSample.xcodeproj; path = QAAutoSample/QAAutoSample.xcodeproj; sourceTree = "<group>"; };
		BAEE817816006AFB0052FDC8 /* QAAutoLib.xcodeproj */ = {isa = PBXFileReference; lastKnownFileType = "wrapper.pb-project"; name = QAAutoLib.xcodeproj; path = QAAutoLib/QAAutoLib.xcodeproj; sourceTree = "<group>"; };
/* End PBXFileReference section */

/* Begin PBXGroup section */
		BA34F4FB15759ECC00EA1F50 /* OFQAJenkins */ = {
			isa = PBXGroup;
			children = (
				BA34F50415759ECC00EA1F50 /* AppDelegate.h */,
				BA34F50515759ECC00EA1F50 /* AppDelegate.m */,
				BA34F50715759ECC00EA1F50 /* MainStoryboard_iPhone.storyboard */,
				BA34F50A15759ECC00EA1F50 /* MainStoryboard_iPad.storyboard */,
				BA34F50D15759ECC00EA1F50 /* ViewController.h */,
				BA34F50E15759ECC00EA1F50 /* ViewController.m */,
				BA34F4FC15759ECC00EA1F50 /* Supporting Files */,
			);
			path = OFQAJenkins;
			sourceTree = "<group>";
		};
		BA34F4FC15759ECC00EA1F50 /* Supporting Files */ = {
			isa = PBXGroup;
			children = (
				BA34F4FD15759ECC00EA1F50 /* OFQAJenkins-Info.plist */,
				BA34F4FE15759ECC00EA1F50 /* InfoPlist.strings */,
				BA34F50115759ECC00EA1F50 /* main.m */,
				BA34F50315759ECC00EA1F50 /* OFQAJenkins-Prefix.pch */,
			);
			name = "Supporting Files";
			sourceTree = "<group>";
		};
		BA89094014F75D6100018B0F = {
			isa = PBXGroup;
			children = (
				BAEE817816006AFB0052FDC8 /* QAAutoLib.xcodeproj */,
				BAEE815616006AB60052FDC8 /* QAAutoSample.xcodeproj */,
				BA34F4FB15759ECC00EA1F50 /* OFQAJenkins */,
				BA89094D14F75D6100018B0F /* Frameworks */,
				BA89094C14F75D6100018B0F /* Products */,
			);
			sourceTree = "<group>";
		};
		BA89094C14F75D6100018B0F /* Products */ = {
			isa = PBXGroup;
			children = (
			);
			name = Products;
			sourceTree = "<group>";
		};
		BA89094D14F75D6100018B0F /* Frameworks */ = {
			isa = PBXGroup;
			children = (
				BA64CB72150DE03000E8A9EE /* StoreKit.framework */,
				BA64CB70150DDF9200E8A9EE /* libz.dylib */,
				BA64CB6E150DDF8900E8A9EE /* libsqlite3.dylib */,
				BAA80B82150DD01D003A94E9 /* SystemConfiguration.framework */,
				BAA80B80150DCFCD003A94E9 /* Security.framework */,
				BAA80B7E150DCFC7003A94E9 /* AddressBook.framework */,
				BAA80B7C150DCFBC003A94E9 /* QuartzCore.framework */,
				BAA80B7A150DCF9E003A94E9 /* GameKit.framework */,
				BAA80B78150DCF97003A94E9 /* MessageUI.framework */,
				BAA80B76150DCF8E003A94E9 /* CoreTelephony.framework */,
				BAA80B74150DCF83003A94E9 /* MediaPlayer.framework */,
				BA89094E14F75D6100018B0F /* Foundation.framework */,
				BA78B5FE14F792A200C4D6FB /* UIKit.framework */,
				BA78B60114F792A200C4D6FB /* CoreGraphics.framework */,
			);
			name = Frameworks;
			sourceTree = "<group>";
		};
		BAEE815716006AB60052FDC8 /* Products */ = {
			isa = PBXGroup;
			children = (
				BAEE815B16006AB80052FDC8 /* QAAutoSample.app */,
			);
			name = Products;
			sourceTree = "<group>";
		};
		BAEE817916006AFB0052FDC8 /* Products */ = {
			isa = PBXGroup;
			children = (
				BAEE817D16006AFC0052FDC8 /* libQAAutoLib.a */,
			);
			name = Products;
			sourceTree = "<group>";
		};
/* End PBXGroup section */

/* Begin PBXProject section */
		BA89094214F75D6100018B0F /* Project object */ = {
			isa = PBXProject;
			attributes = {
				LastUpgradeCheck = 0430;
			};
			buildConfigurationList = BA89094514F75D6100018B0F /* Build configuration list for PBXProject "OFQAAPI" */;
			compatibilityVersion = "Xcode 3.2";
			developmentRegion = English;
			hasScannedForEncodings = 0;
			knownRegions = (
				en,
				fi,
				ja,
			);
			mainGroup = BA89094014F75D6100018B0F;
			productRefGroup = BA89094C14F75D6100018B0F /* Products */;
			projectDirPath = "";
			projectReferences = (
				{
					ProductGroup = BAEE817916006AFB0052FDC8 /* Products */;
					ProjectRef = BAEE817816006AFB0052FDC8 /* QAAutoLib.xcodeproj */;
				},
				{
					ProductGroup = BAEE815716006AB60052FDC8 /* Products */;
					ProjectRef = BAEE815616006AB60052FDC8 /* QAAutoSample.xcodeproj */;
				},
			);
			projectRoot = "";
			targets = (
			);
		};
/* End PBXProject section */

/* Begin PBXReferenceProxy section */
		BAEE815B16006AB80052FDC8 /* QAAutoSample.app */ = {
			isa = PBXReferenceProxy;
			fileType = wrapper.application;
			path = QAAutoSample.app;
			remoteRef = BAEE815A16006AB80052FDC8 /* PBXContainerItemProxy */;
			sourceTree = BUILT_PRODUCTS_DIR;
		};
		BAEE817D16006AFC0052FDC8 /* libQAAutoLib.a */ = {
			isa = PBXReferenceProxy;
			fileType = archive.ar;
			path = libQAAutoLib.a;
			remoteRef = BAEE817C16006AFC0052FDC8 /* PBXContainerItemProxy */;
			sourceTree = BUILT_PRODUCTS_DIR;
		};
/* End PBXReferenceProxy section */

/* Begin PBXVariantGroup section */
		BA34F4FE15759ECC00EA1F50 /* InfoPlist.strings */ = {
			isa = PBXVariantGroup;
			children = (
				BA34F4FF15759ECC00EA1F50 /* en */,
			);
			name = InfoPlist.strings;
			sourceTree = "<group>";
		};
		BA34F50715759ECC00EA1F50 /* MainStoryboard_iPhone.storyboard */ = {
			isa = PBXVariantGroup;
			children = (
				BA34F50815759ECC00EA1F50 /* en */,
			);
			name = MainStoryboard_iPhone.storyboard;
			sourceTree = "<group>";
		};
		BA34F50A15759ECC00EA1F50 /* MainStoryboard_iPad.storyboard */ = {
			isa = PBXVariantGroup;
			children = (
				BA34F50B15759ECC00EA1F50 /* en */,
			);
			name = MainStoryboard_iPad.storyboard;
			sourceTree = "<group>";
		};
/* End PBXVariantGroup section */

/* Begin XCBuildConfiguration section */
		BA89095614F75D6100018B0F /* Debug */ = {
			isa = XCBuildConfiguration;
			buildSettings = {
				ALWAYS_SEARCH_USER_PATHS = NO;
				ARCHS = "$(ARCHS_STANDARD_32_BIT)";
				CLANG_ENABLE_OBJC_ARC = NO;
				COPY_PHASE_STRIP = NO;
				GCC_C_LANGUAGE_STANDARD = gnu99;
				GCC_DYNAMIC_NO_PIC = NO;
				GCC_GENERATE_TEST_COVERAGE_FILES = NO;
				GCC_INSTRUMENT_PROGRAM_FLOW_ARCS = NO;
				GCC_OPTIMIZATION_LEVEL = 0;
				GCC_PREPROCESSOR_DEFINITIONS = (
					"DEBUG=1",
					"$(inherited)",
				);
				GCC_SYMBOLS_PRIVATE_EXTERN = NO;
				GCC_VERSION = com.apple.compilers.llvm.clang.1_0;
				GCC_WARN_ABOUT_MISSING_PROTOTYPES = YES;
				GCC_WARN_ABOUT_RETURN_TYPE = YES;
				GCC_WARN_UNUSED_VARIABLE = YES;
				IPHONEOS_DEPLOYMENT_TARGET = 5.0;
				ONLY_ACTIVE_ARCH = NO;
				OTHER_LDFLAGS = "-objc";
				SDKROOT = iphoneos;
			};
			name = Debug;
		};
		BA89095714F75D6100018B0F /* Release */ = {
			isa = XCBuildConfiguration;
			buildSettings = {
				ALWAYS_SEARCH_USER_PATHS = NO;
				ARCHS = "$(ARCHS_STANDARD_32_BIT)";
				CLANG_ENABLE_OBJC_ARC = NO;
				COPY_PHASE_STRIP = YES;
				GCC_C_LANGUAGE_STANDARD = gnu99;
				GCC_GENERATE_TEST_COVERAGE_FILES = NO;
				GCC_INSTRUMENT_PROGRAM_FLOW_ARCS = NO;
				GCC_VERSION = com.apple.compilers.llvm.clang.1_0;
				GCC_WARN_ABOUT_MISSING_PROTOTYPES = YES;
				GCC_WARN_ABOUT_RETURN_TYPE = YES;
				GCC_WARN_UNUSED_VARIABLE = YES;
				IPHONEOS_DEPLOYMENT_TARGET = 5.0;
				ONLY_ACTIVE_ARCH = NO;
				OTHER_LDFLAGS = "-objc";
				SDKROOT = iphoneos;
				VALIDATE_PRODUCT = YES;
			};
			name = Release;
		};
/* End XCBuildConfiguration section */

/* Begin XCConfigurationList section */
		BA89094514F75D6100018B0F /* Build configuration list for PBXProject "OFQAAPI" */ = {
			isa = XCConfigurationList;
			buildConfigurations = (
				BA89095614F75D6100018B0F /* Debug */,
				BA89095714F75D6100018B0F /* Release */,
			);
			defaultConfigurationIsVisible = 0;
			defaultConfigurationName = Debug;
		};
/* End XCConfigurationList section */
	};
	rootObject = BA89094214F75D6100018B0F /* Project object */;
}
