// !$*UTF8*$!
{
	archiveVersion = 1;
	classes = {
	};
	objectVersion = 46;
	objects = {

/* Begin PBXBuildFile section */
		BA058EA21609A52200CA2522 /* HttpCommunicator.m in Sources */ = {isa = PBXBuildFile; fileRef = BA058EA11609A52200CA2522 /* HttpCommunicator.m */; };
		BA058EA51609B3F300CA2522 /* QAAutoFramework.m in Sources */ = {isa = PBXBuildFile; fileRef = BA058EA41609B3F200CA2522 /* QAAutoFramework.m */; };
		BA57B8F5161307AB009B7539 /* OCHamcrestIOS.framework in Frameworks */ = {isa = PBXBuildFile; fileRef = BA57B8F4161307AB009B7539 /* OCHamcrestIOS.framework */; };
		BAEE816B16006AFB0052FDC8 /* Foundation.framework in Frameworks */ = {isa = PBXBuildFile; fileRef = BAEE816A16006AFB0052FDC8 /* Foundation.framework */; };
		BAEE817016006AFB0052FDC8 /* QAAutoLib.h in CopyFiles */ = {isa = PBXBuildFile; fileRef = BAEE816F16006AFB0052FDC8 /* QAAutoLib.h */; };
		BAEE817216006AFB0052FDC8 /* QAAutoLib.m in Sources */ = {isa = PBXBuildFile; fileRef = BAEE817116006AFB0052FDC8 /* QAAutoLib.m */; };
		BAEE81E616006B310052FDC8 /* CaseBuilderFactory.m in Sources */ = {isa = PBXBuildFile; fileRef = BAEE818316006B310052FDC8 /* CaseBuilderFactory.m */; };
		BAEE81E716006B310052FDC8 /* FileCaseBuilder.m in Sources */ = {isa = PBXBuildFile; fileRef = BAEE818516006B310052FDC8 /* FileCaseBuilder.m */; };
		BAEE81E816006B310052FDC8 /* TcmCaseBuilder.m in Sources */ = {isa = PBXBuildFile; fileRef = BAEE818716006B310052FDC8 /* TcmCaseBuilder.m */; };
		BAEE81E916006B310052FDC8 /* Step.m in Sources */ = {isa = PBXBuildFile; fileRef = BAEE818A16006B310052FDC8 /* Step.m */; };
		BAEE81EA16006B310052FDC8 /* StepDefinition.m in Sources */ = {isa = PBXBuildFile; fileRef = BAEE818C16006B310052FDC8 /* StepDefinition.m */; };
		BAEE81EB16006B310052FDC8 /* StepHolder.m in Sources */ = {isa = PBXBuildFile; fileRef = BAEE818E16006B310052FDC8 /* StepHolder.m */; };
		BAEE81EC16006B310052FDC8 /* StepMethod.m in Sources */ = {isa = PBXBuildFile; fileRef = BAEE819016006B310052FDC8 /* StepMethod.m */; };
		BAEE81ED16006B310052FDC8 /* StepParser.m in Sources */ = {isa = PBXBuildFile; fileRef = BAEE819216006B310052FDC8 /* StepParser.m */; };
		BAEE81EE16006B310052FDC8 /* StepResult.m in Sources */ = {isa = PBXBuildFile; fileRef = BAEE819416006B310052FDC8 /* StepResult.m */; };
		BAEE81EF16006B310052FDC8 /* TestCase.m in Sources */ = {isa = PBXBuildFile; fileRef = BAEE819616006B310052FDC8 /* TestCase.m */; };
		BAEE81F016006B310052FDC8 /* TestRunner+TcmResultPusher.m in Sources */ = {isa = PBXBuildFile; fileRef = BAEE819816006B310052FDC8 /* TestRunner+TcmResultPusher.m */; };
		BAEE81F116006B310052FDC8 /* TestRunner.m in Sources */ = {isa = PBXBuildFile; fileRef = BAEE819A16006B310052FDC8 /* TestRunner.m */; };
		BAEE81F216006B310052FDC8 /* AssertException.m in Sources */ = {isa = PBXBuildFile; fileRef = BAEE819D16006B310052FDC8 /* AssertException.m */; };
		BAEE81F316006B310052FDC8 /* NoCommandMatchException.m in Sources */ = {isa = PBXBuildFile; fileRef = BAEE819F16006B310052FDC8 /* NoCommandMatchException.m */; };
		BAEE81F416006B310052FDC8 /* NoSuchStepException.m in Sources */ = {isa = PBXBuildFile; fileRef = BAEE81A116006B310052FDC8 /* NoSuchStepException.m */; };
		BAEE81F516006B310052FDC8 /* TcmNotReachableException.m in Sources */ = {isa = PBXBuildFile; fileRef = BAEE81A316006B310052FDC8 /* TcmNotReachableException.m */; };
		BAEE81F616006B310052FDC8 /* TcmCommunicator.m in Sources */ = {isa = PBXBuildFile; fileRef = BAEE81A716006B310052FDC8 /* TcmCommunicator.m */; };
		BAEE81F716006B310052FDC8 /* QAAssert.m in Sources */ = {isa = PBXBuildFile; fileRef = BAEE81A916006B310052FDC8 /* QAAssert.m */; };
		BAEE81F816006B310052FDC8 /* CommandUtil.m in Sources */ = {isa = PBXBuildFile; fileRef = BAEE81AC16006B310052FDC8 /* CommandUtil.m */; };
		BAEE81F916006B310052FDC8 /* Constant.m in Sources */ = {isa = PBXBuildFile; fileRef = BAEE81AE16006B310052FDC8 /* Constant.m */; };
		BAEE81FA16006B310052FDC8 /* CredentialStorage.m in Sources */ = {isa = PBXBuildFile; fileRef = BAEE81B016006B310052FDC8 /* CredentialStorage.m */; };
		BAEE820716006B310052FDC8 /* QALog.m in Sources */ = {isa = PBXBuildFile; fileRef = BAEE81CC16006B310052FDC8 /* QALog.m */; };
		BAEE820816006B310052FDC8 /* StringUtil.m in Sources */ = {isa = PBXBuildFile; fileRef = BAEE81CE16006B310052FDC8 /* StringUtil.m */; };
		BAEE824316006B9A0052FDC8 /* ASIAuthenticationDialog.m in Sources */ = {isa = PBXBuildFile; fileRef = BAEE821416006B9A0052FDC8 /* ASIAuthenticationDialog.m */; };
		BAEE824416006B9A0052FDC8 /* ASIDataCompressor.m in Sources */ = {isa = PBXBuildFile; fileRef = BAEE821716006B9A0052FDC8 /* ASIDataCompressor.m */; };
		BAEE824516006B9A0052FDC8 /* ASIDataDecompressor.m in Sources */ = {isa = PBXBuildFile; fileRef = BAEE821916006B9A0052FDC8 /* ASIDataDecompressor.m */; };
		BAEE824616006B9A0052FDC8 /* ASIDownloadCache.m in Sources */ = {isa = PBXBuildFile; fileRef = BAEE821B16006B9A0052FDC8 /* ASIDownloadCache.m */; };
		BAEE824716006B9A0052FDC8 /* ASIFormDataRequest.m in Sources */ = {isa = PBXBuildFile; fileRef = BAEE821D16006B9A0052FDC8 /* ASIFormDataRequest.m */; };
		BAEE824816006B9A0052FDC8 /* ASIHTTPRequest.m in Sources */ = {isa = PBXBuildFile; fileRef = BAEE821F16006B9A0052FDC8 /* ASIHTTPRequest.m */; };
		BAEE824916006B9A0052FDC8 /* ASIInputStream.m in Sources */ = {isa = PBXBuildFile; fileRef = BAEE822316006B9A0052FDC8 /* ASIInputStream.m */; };
		BAEE824A16006B9A0052FDC8 /* ASINetworkQueue.m in Sources */ = {isa = PBXBuildFile; fileRef = BAEE822516006B9A0052FDC8 /* ASINetworkQueue.m */; };
		BAEE824B16006B9A0052FDC8 /* Reachability.m in Sources */ = {isa = PBXBuildFile; fileRef = BAEE822816006B9A0052FDC8 /* Reachability.m */; };
		BAEE824C16006B9A0052FDC8 /* NSObject+SBJson.m in Sources */ = {isa = PBXBuildFile; fileRef = BAEE822B16006B9A0052FDC8 /* NSObject+SBJson.m */; };
		BAEE824D16006B9A0052FDC8 /* SBJsonParser.m in Sources */ = {isa = PBXBuildFile; fileRef = BAEE822E16006B9A0052FDC8 /* SBJsonParser.m */; };
		BAEE824E16006B9A0052FDC8 /* SBJsonStreamParser.m in Sources */ = {isa = PBXBuildFile; fileRef = BAEE823016006B9A0052FDC8 /* SBJsonStreamParser.m */; };
		BAEE824F16006B9A0052FDC8 /* SBJsonStreamParserAccumulator.m in Sources */ = {isa = PBXBuildFile; fileRef = BAEE823216006B9A0052FDC8 /* SBJsonStreamParserAccumulator.m */; };
		BAEE825016006B9A0052FDC8 /* SBJsonStreamParserAdapter.m in Sources */ = {isa = PBXBuildFile; fileRef = BAEE823416006B9A0052FDC8 /* SBJsonStreamParserAdapter.m */; };
		BAEE825116006B9A0052FDC8 /* SBJsonStreamParserState.m in Sources */ = {isa = PBXBuildFile; fileRef = BAEE823616006B9A0052FDC8 /* SBJsonStreamParserState.m */; };
		BAEE825216006B9A0052FDC8 /* SBJsonStreamWriter.m in Sources */ = {isa = PBXBuildFile; fileRef = BAEE823816006B9A0052FDC8 /* SBJsonStreamWriter.m */; };
		BAEE825316006B9A0052FDC8 /* SBJsonStreamWriterAccumulator.m in Sources */ = {isa = PBXBuildFile; fileRef = BAEE823A16006B9A0052FDC8 /* SBJsonStreamWriterAccumulator.m */; };
		BAEE825416006B9A0052FDC8 /* SBJsonStreamWriterState.m in Sources */ = {isa = PBXBuildFile; fileRef = BAEE823C16006B9A0052FDC8 /* SBJsonStreamWriterState.m */; };
		BAEE825516006B9A0052FDC8 /* SBJsonTokeniser.m in Sources */ = {isa = PBXBuildFile; fileRef = BAEE823E16006B9A0052FDC8 /* SBJsonTokeniser.m */; };
		BAEE825616006B9A0052FDC8 /* SBJsonUTF8Stream.m in Sources */ = {isa = PBXBuildFile; fileRef = BAEE824016006B9A0052FDC8 /* SBJsonUTF8Stream.m */; };
		BAEE825716006B9A0052FDC8 /* SBJsonWriter.m in Sources */ = {isa = PBXBuildFile; fileRef = BAEE824216006B9A0052FDC8 /* SBJsonWriter.m */; };
/* End PBXBuildFile section */

/* Begin PBXCopyFilesBuildPhase section */
		BAEE816516006AFB0052FDC8 /* CopyFiles */ = {
			isa = PBXCopyFilesBuildPhase;
			buildActionMask = 2147483647;
			dstPath = "include/${PRODUCT_NAME}";
			dstSubfolderSpec = 16;
			files = (
				BAEE817016006AFB0052FDC8 /* QAAutoLib.h in CopyFiles */,
			);
			runOnlyForDeploymentPostprocessing = 0;
		};
/* End PBXCopyFilesBuildPhase section */

/* Begin PBXFileReference section */
		BA058EA01609A52200CA2522 /* HttpCommunicator.h */ = {isa = PBXFileReference; fileEncoding = 4; lastKnownFileType = sourcecode.c.h; path = HttpCommunicator.h; sourceTree = "<group>"; };
		BA058EA11609A52200CA2522 /* HttpCommunicator.m */ = {isa = PBXFileReference; fileEncoding = 4; lastKnownFileType = sourcecode.c.objc; path = HttpCommunicator.m; sourceTree = "<group>"; };
		BA058EA31609B3F100CA2522 /* QAAutoFramework.h */ = {isa = PBXFileReference; fileEncoding = 4; lastKnownFileType = sourcecode.c.h; path = QAAutoFramework.h; sourceTree = "<group>"; };
		BA058EA41609B3F200CA2522 /* QAAutoFramework.m */ = {isa = PBXFileReference; fileEncoding = 4; lastKnownFileType = sourcecode.c.objc; path = QAAutoFramework.m; sourceTree = "<group>"; };
		BA57B8F4161307AB009B7539 /* OCHamcrestIOS.framework */ = {isa = PBXFileReference; lastKnownFileType = wrapper.framework; path = OCHamcrestIOS.framework; sourceTree = "<group>"; };
		BACD8D88160B0CE100F11BB6 /* CaseBuilder.h */ = {isa = PBXFileReference; fileEncoding = 4; lastKnownFileType = sourcecode.c.h; path = CaseBuilder.h; sourceTree = "<group>"; };
		BAEE816716006AFB0052FDC8 /* libQAAutoLib.a */ = {isa = PBXFileReference; explicitFileType = archive.ar; includeInIndex = 0; path = libQAAutoLib.a; sourceTree = BUILT_PRODUCTS_DIR; };
		BAEE816A16006AFB0052FDC8 /* Foundation.framework */ = {isa = PBXFileReference; lastKnownFileType = wrapper.framework; name = Foundation.framework; path = System/Library/Frameworks/Foundation.framework; sourceTree = SDKROOT; };
		BAEE816E16006AFB0052FDC8 /* QAAutoLib-Prefix.pch */ = {isa = PBXFileReference; lastKnownFileType = sourcecode.c.h; path = "QAAutoLib-Prefix.pch"; sourceTree = "<group>"; };
		BAEE816F16006AFB0052FDC8 /* QAAutoLib.h */ = {isa = PBXFileReference; lastKnownFileType = sourcecode.c.h; path = QAAutoLib.h; sourceTree = "<group>"; };
		BAEE817116006AFB0052FDC8 /* QAAutoLib.m */ = {isa = PBXFileReference; lastKnownFileType = sourcecode.c.objc; path = QAAutoLib.m; sourceTree = "<group>"; };
		BAEE818216006B310052FDC8 /* CaseBuilderFactory.h */ = {isa = PBXFileReference; fileEncoding = 4; lastKnownFileType = sourcecode.c.h; path = CaseBuilderFactory.h; sourceTree = "<group>"; };
		BAEE818316006B310052FDC8 /* CaseBuilderFactory.m */ = {isa = PBXFileReference; fileEncoding = 4; lastKnownFileType = sourcecode.c.objc; path = CaseBuilderFactory.m; sourceTree = "<group>"; };
		BAEE818416006B310052FDC8 /* FileCaseBuilder.h */ = {isa = PBXFileReference; fileEncoding = 4; lastKnownFileType = sourcecode.c.h; path = FileCaseBuilder.h; sourceTree = "<group>"; };
		BAEE818516006B310052FDC8 /* FileCaseBuilder.m */ = {isa = PBXFileReference; fileEncoding = 4; lastKnownFileType = sourcecode.c.objc; path = FileCaseBuilder.m; sourceTree = "<group>"; };
		BAEE818616006B310052FDC8 /* TcmCaseBuilder.h */ = {isa = PBXFileReference; fileEncoding = 4; lastKnownFileType = sourcecode.c.h; path = TcmCaseBuilder.h; sourceTree = "<group>"; };
		BAEE818716006B310052FDC8 /* TcmCaseBuilder.m */ = {isa = PBXFileReference; fileEncoding = 4; lastKnownFileType = sourcecode.c.objc; path = TcmCaseBuilder.m; sourceTree = "<group>"; };
		BAEE818916006B310052FDC8 /* Step.h */ = {isa = PBXFileReference; fileEncoding = 4; lastKnownFileType = sourcecode.c.h; path = Step.h; sourceTree = "<group>"; };
		BAEE818A16006B310052FDC8 /* Step.m */ = {isa = PBXFileReference; fileEncoding = 4; lastKnownFileType = sourcecode.c.objc; path = Step.m; sourceTree = "<group>"; };
		BAEE818B16006B310052FDC8 /* StepDefinition.h */ = {isa = PBXFileReference; fileEncoding = 4; lastKnownFileType = sourcecode.c.h; path = StepDefinition.h; sourceTree = "<group>"; };
		BAEE818C16006B310052FDC8 /* StepDefinition.m */ = {isa = PBXFileReference; fileEncoding = 4; lastKnownFileType = sourcecode.c.objc; path = StepDefinition.m; sourceTree = "<group>"; };
		BAEE818D16006B310052FDC8 /* StepHolder.h */ = {isa = PBXFileReference; fileEncoding = 4; lastKnownFileType = sourcecode.c.h; path = StepHolder.h; sourceTree = "<group>"; };
		BAEE818E16006B310052FDC8 /* StepHolder.m */ = {isa = PBXFileReference; fileEncoding = 4; lastKnownFileType = sourcecode.c.objc; path = StepHolder.m; sourceTree = "<group>"; };
		BAEE818F16006B310052FDC8 /* StepMethod.h */ = {isa = PBXFileReference; fileEncoding = 4; lastKnownFileType = sourcecode.c.h; path = StepMethod.h; sourceTree = "<group>"; };
		BAEE819016006B310052FDC8 /* StepMethod.m */ = {isa = PBXFileReference; fileEncoding = 4; lastKnownFileType = sourcecode.c.objc; path = StepMethod.m; sourceTree = "<group>"; };
		BAEE819116006B310052FDC8 /* StepParser.h */ = {isa = PBXFileReference; fileEncoding = 4; lastKnownFileType = sourcecode.c.h; path = StepParser.h; sourceTree = "<group>"; };
		BAEE819216006B310052FDC8 /* StepParser.m */ = {isa = PBXFileReference; fileEncoding = 4; lastKnownFileType = sourcecode.c.objc; path = StepParser.m; sourceTree = "<group>"; };
		BAEE819316006B310052FDC8 /* StepResult.h */ = {isa = PBXFileReference; fileEncoding = 4; lastKnownFileType = sourcecode.c.h; path = StepResult.h; sourceTree = "<group>"; };
		BAEE819416006B310052FDC8 /* StepResult.m */ = {isa = PBXFileReference; fileEncoding = 4; lastKnownFileType = sourcecode.c.objc; path = StepResult.m; sourceTree = "<group>"; };
		BAEE819516006B310052FDC8 /* TestCase.h */ = {isa = PBXFileReference; fileEncoding = 4; lastKnownFileType = sourcecode.c.h; path = TestCase.h; sourceTree = "<group>"; };
		BAEE819616006B310052FDC8 /* TestCase.m */ = {isa = PBXFileReference; fileEncoding = 4; lastKnownFileType = sourcecode.c.objc; path = TestCase.m; sourceTree = "<group>"; };
		BAEE819716006B310052FDC8 /* TestRunner+TcmResultPusher.h */ = {isa = PBXFileReference; fileEncoding = 4; lastKnownFileType = sourcecode.c.h; path = "TestRunner+TcmResultPusher.h"; sourceTree = "<group>"; };
		BAEE819816006B310052FDC8 /* TestRunner+TcmResultPusher.m */ = {isa = PBXFileReference; fileEncoding = 4; lastKnownFileType = sourcecode.c.objc; path = "TestRunner+TcmResultPusher.m"; sourceTree = "<group>"; };
		BAEE819916006B310052FDC8 /* TestRunner.h */ = {isa = PBXFileReference; fileEncoding = 4; lastKnownFileType = sourcecode.c.h; path = TestRunner.h; sourceTree = "<group>"; };
		BAEE819A16006B310052FDC8 /* TestRunner.m */ = {isa = PBXFileReference; fileEncoding = 4; lastKnownFileType = sourcecode.c.objc; path = TestRunner.m; sourceTree = "<group>"; };
		BAEE819C16006B310052FDC8 /* AssertException.h */ = {isa = PBXFileReference; fileEncoding = 4; lastKnownFileType = sourcecode.c.h; path = AssertException.h; sourceTree = "<group>"; };
		BAEE819D16006B310052FDC8 /* AssertException.m */ = {isa = PBXFileReference; fileEncoding = 4; lastKnownFileType = sourcecode.c.objc; path = AssertException.m; sourceTree = "<group>"; };
		BAEE819E16006B310052FDC8 /* NoCommandMatchException.h */ = {isa = PBXFileReference; fileEncoding = 4; lastKnownFileType = sourcecode.c.h; path = NoCommandMatchException.h; sourceTree = "<group>"; };
		BAEE819F16006B310052FDC8 /* NoCommandMatchException.m */ = {isa = PBXFileReference; fileEncoding = 4; lastKnownFileType = sourcecode.c.objc; path = NoCommandMatchException.m; sourceTree = "<group>"; };
		BAEE81A016006B310052FDC8 /* NoSuchStepException.h */ = {isa = PBXFileReference; fileEncoding = 4; lastKnownFileType = sourcecode.c.h; path = NoSuchStepException.h; sourceTree = "<group>"; };
		BAEE81A116006B310052FDC8 /* NoSuchStepException.m */ = {isa = PBXFileReference; fileEncoding = 4; lastKnownFileType = sourcecode.c.objc; path = NoSuchStepException.m; sourceTree = "<group>"; };
		BAEE81A216006B310052FDC8 /* TcmNotReachableException.h */ = {isa = PBXFileReference; fileEncoding = 4; lastKnownFileType = sourcecode.c.h; path = TcmNotReachableException.h; sourceTree = "<group>"; };
		BAEE81A316006B310052FDC8 /* TcmNotReachableException.m */ = {isa = PBXFileReference; fileEncoding = 4; lastKnownFileType = sourcecode.c.objc; path = TcmNotReachableException.m; sourceTree = "<group>"; };
		BAEE81A616006B310052FDC8 /* TcmCommunicator.h */ = {isa = PBXFileReference; fileEncoding = 4; lastKnownFileType = sourcecode.c.h; path = TcmCommunicator.h; sourceTree = "<group>"; };
		BAEE81A716006B310052FDC8 /* TcmCommunicator.m */ = {isa = PBXFileReference; fileEncoding = 4; lastKnownFileType = sourcecode.c.objc; path = TcmCommunicator.m; sourceTree = "<group>"; };
		BAEE81A816006B310052FDC8 /* QAAssert.h */ = {isa = PBXFileReference; fileEncoding = 4; lastKnownFileType = sourcecode.c.h; path = QAAssert.h; sourceTree = "<group>"; };
		BAEE81A916006B310052FDC8 /* QAAssert.m */ = {isa = PBXFileReference; fileEncoding = 4; lastKnownFileType = sourcecode.c.objc; path = QAAssert.m; sourceTree = "<group>"; };
		BAEE81AB16006B310052FDC8 /* CommandUtil.h */ = {isa = PBXFileReference; fileEncoding = 4; lastKnownFileType = sourcecode.c.h; path = CommandUtil.h; sourceTree = "<group>"; };
		BAEE81AC16006B310052FDC8 /* CommandUtil.m */ = {isa = PBXFileReference; fileEncoding = 4; lastKnownFileType = sourcecode.c.objc; path = CommandUtil.m; sourceTree = "<group>"; };
		BAEE81AD16006B310052FDC8 /* Constant.h */ = {isa = PBXFileReference; fileEncoding = 4; lastKnownFileType = sourcecode.c.h; path = Constant.h; sourceTree = "<group>"; };
		BAEE81AE16006B310052FDC8 /* Constant.m */ = {isa = PBXFileReference; fileEncoding = 4; lastKnownFileType = sourcecode.c.objc; path = Constant.m; sourceTree = "<group>"; };
		BAEE81AF16006B310052FDC8 /* CredentialStorage.h */ = {isa = PBXFileReference; fileEncoding = 4; lastKnownFileType = sourcecode.c.h; path = CredentialStorage.h; sourceTree = "<group>"; };
		BAEE81B016006B310052FDC8 /* CredentialStorage.m */ = {isa = PBXFileReference; fileEncoding = 4; lastKnownFileType = sourcecode.c.objc; path = CredentialStorage.m; sourceTree = "<group>"; };
		BAEE81CB16006B310052FDC8 /* QALog.h */ = {isa = PBXFileReference; fileEncoding = 4; lastKnownFileType = sourcecode.c.h; path = QALog.h; sourceTree = "<group>"; };
		BAEE81CC16006B310052FDC8 /* QALog.m */ = {isa = PBXFileReference; fileEncoding = 4; lastKnownFileType = sourcecode.c.objc; path = QALog.m; sourceTree = "<group>"; };
		BAEE81CD16006B310052FDC8 /* StringUtil.h */ = {isa = PBXFileReference; fileEncoding = 4; lastKnownFileType = sourcecode.c.h; path = StringUtil.h; sourceTree = "<group>"; };
		BAEE81CE16006B310052FDC8 /* StringUtil.m */ = {isa = PBXFileReference; fileEncoding = 4; lastKnownFileType = sourcecode.c.objc; path = StringUtil.m; sourceTree = "<group>"; };
		BAEE821316006B9A0052FDC8 /* ASIAuthenticationDialog.h */ = {isa = PBXFileReference; fileEncoding = 4; lastKnownFileType = sourcecode.c.h; path = ASIAuthenticationDialog.h; sourceTree = "<group>"; };
		BAEE821416006B9A0052FDC8 /* ASIAuthenticationDialog.m */ = {isa = PBXFileReference; fileEncoding = 4; lastKnownFileType = sourcecode.c.objc; path = ASIAuthenticationDialog.m; sourceTree = "<group>"; };
		BAEE821516006B9A0052FDC8 /* ASICacheDelegate.h */ = {isa = PBXFileReference; fileEncoding = 4; lastKnownFileType = sourcecode.c.h; path = ASICacheDelegate.h; sourceTree = "<group>"; };
		BAEE821616006B9A0052FDC8 /* ASIDataCompressor.h */ = {isa = PBXFileReference; fileEncoding = 4; lastKnownFileType = sourcecode.c.h; path = ASIDataCompressor.h; sourceTree = "<group>"; };
		BAEE821716006B9A0052FDC8 /* ASIDataCompressor.m */ = {isa = PBXFileReference; fileEncoding = 4; lastKnownFileType = sourcecode.c.objc; path = ASIDataCompressor.m; sourceTree = "<group>"; };
		BAEE821816006B9A0052FDC8 /* ASIDataDecompressor.h */ = {isa = PBXFileReference; fileEncoding = 4; lastKnownFileType = sourcecode.c.h; path = ASIDataDecompressor.h; sourceTree = "<group>"; };
		BAEE821916006B9A0052FDC8 /* ASIDataDecompressor.m */ = {isa = PBXFileReference; fileEncoding = 4; lastKnownFileType = sourcecode.c.objc; path = ASIDataDecompressor.m; sourceTree = "<group>"; };
		BAEE821A16006B9A0052FDC8 /* ASIDownloadCache.h */ = {isa = PBXFileReference; fileEncoding = 4; lastKnownFileType = sourcecode.c.h; path = ASIDownloadCache.h; sourceTree = "<group>"; };
		BAEE821B16006B9A0052FDC8 /* ASIDownloadCache.m */ = {isa = PBXFileReference; fileEncoding = 4; lastKnownFileType = sourcecode.c.objc; path = ASIDownloadCache.m; sourceTree = "<group>"; };
		BAEE821C16006B9A0052FDC8 /* ASIFormDataRequest.h */ = {isa = PBXFileReference; fileEncoding = 4; lastKnownFileType = sourcecode.c.h; path = ASIFormDataRequest.h; sourceTree = "<group>"; };
		BAEE821D16006B9A0052FDC8 /* ASIFormDataRequest.m */ = {isa = PBXFileReference; fileEncoding = 4; lastKnownFileType = sourcecode.c.objc; path = ASIFormDataRequest.m; sourceTree = "<group>"; };
		BAEE821E16006B9A0052FDC8 /* ASIHTTPRequest.h */ = {isa = PBXFileReference; fileEncoding = 4; lastKnownFileType = sourcecode.c.h; path = ASIHTTPRequest.h; sourceTree = "<group>"; };
		BAEE821F16006B9A0052FDC8 /* ASIHTTPRequest.m */ = {isa = PBXFileReference; fileEncoding = 4; lastKnownFileType = sourcecode.c.objc; path = ASIHTTPRequest.m; sourceTree = "<group>"; };
		BAEE822016006B9A0052FDC8 /* ASIHTTPRequestConfig.h */ = {isa = PBXFileReference; fileEncoding = 4; lastKnownFileType = sourcecode.c.h; path = ASIHTTPRequestConfig.h; sourceTree = "<group>"; };
		BAEE822116006B9A0052FDC8 /* ASIHTTPRequestDelegate.h */ = {isa = PBXFileReference; fileEncoding = 4; lastKnownFileType = sourcecode.c.h; path = ASIHTTPRequestDelegate.h; sourceTree = "<group>"; };
		BAEE822216006B9A0052FDC8 /* ASIInputStream.h */ = {isa = PBXFileReference; fileEncoding = 4; lastKnownFileType = sourcecode.c.h; path = ASIInputStream.h; sourceTree = "<group>"; };
		BAEE822316006B9A0052FDC8 /* ASIInputStream.m */ = {isa = PBXFileReference; fileEncoding = 4; lastKnownFileType = sourcecode.c.objc; path = ASIInputStream.m; sourceTree = "<group>"; };
		BAEE822416006B9A0052FDC8 /* ASINetworkQueue.h */ = {isa = PBXFileReference; fileEncoding = 4; lastKnownFileType = sourcecode.c.h; path = ASINetworkQueue.h; sourceTree = "<group>"; };
		BAEE822516006B9A0052FDC8 /* ASINetworkQueue.m */ = {isa = PBXFileReference; fileEncoding = 4; lastKnownFileType = sourcecode.c.objc; path = ASINetworkQueue.m; sourceTree = "<group>"; };
		BAEE822616006B9A0052FDC8 /* ASIProgressDelegate.h */ = {isa = PBXFileReference; fileEncoding = 4; lastKnownFileType = sourcecode.c.h; path = ASIProgressDelegate.h; sourceTree = "<group>"; };
		BAEE822716006B9A0052FDC8 /* Reachability.h */ = {isa = PBXFileReference; fileEncoding = 4; lastKnownFileType = sourcecode.c.h; path = Reachability.h; sourceTree = "<group>"; };
		BAEE822816006B9A0052FDC8 /* Reachability.m */ = {isa = PBXFileReference; fileEncoding = 4; lastKnownFileType = sourcecode.c.objc; path = Reachability.m; sourceTree = "<group>"; };
		BAEE822A16006B9A0052FDC8 /* NSObject+SBJson.h */ = {isa = PBXFileReference; fileEncoding = 4; lastKnownFileType = sourcecode.c.h; path = "NSObject+SBJson.h"; sourceTree = "<group>"; };
		BAEE822B16006B9A0052FDC8 /* NSObject+SBJson.m */ = {isa = PBXFileReference; fileEncoding = 4; lastKnownFileType = sourcecode.c.objc; path = "NSObject+SBJson.m"; sourceTree = "<group>"; };
		BAEE822C16006B9A0052FDC8 /* SBJson.h */ = {isa = PBXFileReference; fileEncoding = 4; lastKnownFileType = sourcecode.c.h; path = SBJson.h; sourceTree = "<group>"; };
		BAEE822D16006B9A0052FDC8 /* SBJsonParser.h */ = {isa = PBXFileReference; fileEncoding = 4; lastKnownFileType = sourcecode.c.h; path = SBJsonParser.h; sourceTree = "<group>"; };
		BAEE822E16006B9A0052FDC8 /* SBJsonParser.m */ = {isa = PBXFileReference; fileEncoding = 4; lastKnownFileType = sourcecode.c.objc; path = SBJsonParser.m; sourceTree = "<group>"; };
		BAEE822F16006B9A0052FDC8 /* SBJsonStreamParser.h */ = {isa = PBXFileReference; fileEncoding = 4; lastKnownFileType = sourcecode.c.h; path = SBJsonStreamParser.h; sourceTree = "<group>"; };
		BAEE823016006B9A0052FDC8 /* SBJsonStreamParser.m */ = {isa = PBXFileReference; fileEncoding = 4; lastKnownFileType = sourcecode.c.objc; path = SBJsonStreamParser.m; sourceTree = "<group>"; };
		BAEE823116006B9A0052FDC8 /* SBJsonStreamParserAccumulator.h */ = {isa = PBXFileReference; fileEncoding = 4; lastKnownFileType = sourcecode.c.h; path = SBJsonStreamParserAccumulator.h; sourceTree = "<group>"; };
		BAEE823216006B9A0052FDC8 /* SBJsonStreamParserAccumulator.m */ = {isa = PBXFileReference; fileEncoding = 4; lastKnownFileType = sourcecode.c.objc; path = SBJsonStreamParserAccumulator.m; sourceTree = "<group>"; };
		BAEE823316006B9A0052FDC8 /* SBJsonStreamParserAdapter.h */ = {isa = PBXFileReference; fileEncoding = 4; lastKnownFileType = sourcecode.c.h; path = SBJsonStreamParserAdapter.h; sourceTree = "<group>"; };
		BAEE823416006B9A0052FDC8 /* SBJsonStreamParserAdapter.m */ = {isa = PBXFileReference; fileEncoding = 4; lastKnownFileType = sourcecode.c.objc; path = SBJsonStreamParserAdapter.m; sourceTree = "<group>"; };
		BAEE823516006B9A0052FDC8 /* SBJsonStreamParserState.h */ = {isa = PBXFileReference; fileEncoding = 4; lastKnownFileType = sourcecode.c.h; path = SBJsonStreamParserState.h; sourceTree = "<group>"; };
		BAEE823616006B9A0052FDC8 /* SBJsonStreamParserState.m */ = {isa = PBXFileReference; fileEncoding = 4; lastKnownFileType = sourcecode.c.objc; path = SBJsonStreamParserState.m; sourceTree = "<group>"; };
		BAEE823716006B9A0052FDC8 /* SBJsonStreamWriter.h */ = {isa = PBXFileReference; fileEncoding = 4; lastKnownFileType = sourcecode.c.h; path = SBJsonStreamWriter.h; sourceTree = "<group>"; };
		BAEE823816006B9A0052FDC8 /* SBJsonStreamWriter.m */ = {isa = PBXFileReference; fileEncoding = 4; lastKnownFileType = sourcecode.c.objc; path = SBJsonStreamWriter.m; sourceTree = "<group>"; };
		BAEE823916006B9A0052FDC8 /* SBJsonStreamWriterAccumulator.h */ = {isa = PBXFileReference; fileEncoding = 4; lastKnownFileType = sourcecode.c.h; path = SBJsonStreamWriterAccumulator.h; sourceTree = "<group>"; };
		BAEE823A16006B9A0052FDC8 /* SBJsonStreamWriterAccumulator.m */ = {isa = PBXFileReference; fileEncoding = 4; lastKnownFileType = sourcecode.c.objc; path = SBJsonStreamWriterAccumulator.m; sourceTree = "<group>"; };
		BAEE823B16006B9A0052FDC8 /* SBJsonStreamWriterState.h */ = {isa = PBXFileReference; fileEncoding = 4; lastKnownFileType = sourcecode.c.h; path = SBJsonStreamWriterState.h; sourceTree = "<group>"; };
		BAEE823C16006B9A0052FDC8 /* SBJsonStreamWriterState.m */ = {isa = PBXFileReference; fileEncoding = 4; lastKnownFileType = sourcecode.c.objc; path = SBJsonStreamWriterState.m; sourceTree = "<group>"; };
		BAEE823D16006B9A0052FDC8 /* SBJsonTokeniser.h */ = {isa = PBXFileReference; fileEncoding = 4; lastKnownFileType = sourcecode.c.h; path = SBJsonTokeniser.h; sourceTree = "<group>"; };
		BAEE823E16006B9A0052FDC8 /* SBJsonTokeniser.m */ = {isa = PBXFileReference; fileEncoding = 4; lastKnownFileType = sourcecode.c.objc; path = SBJsonTokeniser.m; sourceTree = "<group>"; };
		BAEE823F16006B9A0052FDC8 /* SBJsonUTF8Stream.h */ = {isa = PBXFileReference; fileEncoding = 4; lastKnownFileType = sourcecode.c.h; path = SBJsonUTF8Stream.h; sourceTree = "<group>"; };
		BAEE824016006B9A0052FDC8 /* SBJsonUTF8Stream.m */ = {isa = PBXFileReference; fileEncoding = 4; lastKnownFileType = sourcecode.c.objc; path = SBJsonUTF8Stream.m; sourceTree = "<group>"; };
		BAEE824116006B9A0052FDC8 /* SBJsonWriter.h */ = {isa = PBXFileReference; fileEncoding = 4; lastKnownFileType = sourcecode.c.h; path = SBJsonWriter.h; sourceTree = "<group>"; };
		BAEE824216006B9A0052FDC8 /* SBJsonWriter.m */ = {isa = PBXFileReference; fileEncoding = 4; lastKnownFileType = sourcecode.c.objc; path = SBJsonWriter.m; sourceTree = "<group>"; };
/* End PBXFileReference section */

/* Begin PBXFrameworksBuildPhase section */
		BAEE816416006AFB0052FDC8 /* Frameworks */ = {
			isa = PBXFrameworksBuildPhase;
			buildActionMask = 2147483647;
			files = (
				BAEE816B16006AFB0052FDC8 /* Foundation.framework in Frameworks */,
				BA57B8F5161307AB009B7539 /* OCHamcrestIOS.framework in Frameworks */,
			);
			runOnlyForDeploymentPostprocessing = 0;
		};
/* End PBXFrameworksBuildPhase section */

/* Begin PBXGroup section */
		BAEE815C16006AFB0052FDC8 = {
			isa = PBXGroup;
			children = (
				BAEE816C16006AFB0052FDC8 /* QAAutoLib */,
				BAEE816916006AFB0052FDC8 /* Frameworks */,
				BAEE816816006AFB0052FDC8 /* Products */,
			);
			sourceTree = "<group>";
		};
		BAEE816816006AFB0052FDC8 /* Products */ = {
			isa = PBXGroup;
			children = (
				BAEE816716006AFB0052FDC8 /* libQAAutoLib.a */,
			);
			name = Products;
			sourceTree = "<group>";
		};
		BAEE816916006AFB0052FDC8 /* Frameworks */ = {
			isa = PBXGroup;
			children = (
				BAEE816A16006AFB0052FDC8 /* Foundation.framework */,
			);
			name = Frameworks;
			sourceTree = "<group>";
		};
		BAEE816C16006AFB0052FDC8 /* QAAutoLib */ = {
			isa = PBXGroup;
			children = (
				BAEE817E16006B310052FDC8 /* core */,
				BAEE81CF16006B310052FDC8 /* vendor */,
				BAEE816F16006AFB0052FDC8 /* QAAutoLib.h */,
				BAEE817116006AFB0052FDC8 /* QAAutoLib.m */,
				BAEE816D16006AFB0052FDC8 /* Supporting Files */,
				BA058EA31609B3F100CA2522 /* QAAutoFramework.h */,
				BA058EA41609B3F200CA2522 /* QAAutoFramework.m */,
			);
			path = QAAutoLib;
			sourceTree = "<group>";
		};
		BAEE816D16006AFB0052FDC8 /* Supporting Files */ = {
			isa = PBXGroup;
			children = (
				BAEE816E16006AFB0052FDC8 /* QAAutoLib-Prefix.pch */,
			);
			name = "Supporting Files";
			sourceTree = "<group>";
		};
		BAEE817E16006B310052FDC8 /* core */ = {
			isa = PBXGroup;
			children = (
				BAEE817F16006B310052FDC8 /* caze */,
				BAEE819B16006B310052FDC8 /* exception */,
				BAEE81A416006B310052FDC8 /* net */,
				BAEE81A816006B310052FDC8 /* QAAssert.h */,
				BAEE81A916006B310052FDC8 /* QAAssert.m */,
				BAEE81AA16006B310052FDC8 /* util */,
			);
			path = core;
			sourceTree = "<group>";
		};
		BAEE817F16006B310052FDC8 /* caze */ = {
			isa = PBXGroup;
			children = (
				BAEE818016006B310052FDC8 /* builder */,
				BAEE818816006B310052FDC8 /* step */,
				BAEE819516006B310052FDC8 /* TestCase.h */,
				BAEE819616006B310052FDC8 /* TestCase.m */,
				BAEE819716006B310052FDC8 /* TestRunner+TcmResultPusher.h */,
				BAEE819816006B310052FDC8 /* TestRunner+TcmResultPusher.m */,
				BAEE819916006B310052FDC8 /* TestRunner.h */,
				BAEE819A16006B310052FDC8 /* TestRunner.m */,
			);
			path = caze;
			sourceTree = "<group>";
		};
		BAEE818016006B310052FDC8 /* builder */ = {
			isa = PBXGroup;
			children = (
				BAEE818216006B310052FDC8 /* CaseBuilderFactory.h */,
				BAEE818316006B310052FDC8 /* CaseBuilderFactory.m */,
				BAEE818416006B310052FDC8 /* FileCaseBuilder.h */,
				BAEE818516006B310052FDC8 /* FileCaseBuilder.m */,
				BAEE818616006B310052FDC8 /* TcmCaseBuilder.h */,
				BAEE818716006B310052FDC8 /* TcmCaseBuilder.m */,
				BACD8D88160B0CE100F11BB6 /* CaseBuilder.h */,
			);
			path = builder;
			sourceTree = "<group>";
		};
		BAEE818816006B310052FDC8 /* step */ = {
			isa = PBXGroup;
			children = (
				BAEE818916006B310052FDC8 /* Step.h */,
				BAEE818A16006B310052FDC8 /* Step.m */,
				BAEE818B16006B310052FDC8 /* StepDefinition.h */,
				BAEE818C16006B310052FDC8 /* StepDefinition.m */,
				BAEE818D16006B310052FDC8 /* StepHolder.h */,
				BAEE818E16006B310052FDC8 /* StepHolder.m */,
				BAEE818F16006B310052FDC8 /* StepMethod.h */,
				BAEE819016006B310052FDC8 /* StepMethod.m */,
				BAEE819116006B310052FDC8 /* StepParser.h */,
				BAEE819216006B310052FDC8 /* StepParser.m */,
				BAEE819316006B310052FDC8 /* StepResult.h */,
				BAEE819416006B310052FDC8 /* StepResult.m */,
			);
			path = step;
			sourceTree = "<group>";
		};
		BAEE819B16006B310052FDC8 /* exception */ = {
			isa = PBXGroup;
			children = (
				BAEE819C16006B310052FDC8 /* AssertException.h */,
				BAEE819D16006B310052FDC8 /* AssertException.m */,
				BAEE819E16006B310052FDC8 /* NoCommandMatchException.h */,
				BAEE819F16006B310052FDC8 /* NoCommandMatchException.m */,
				BAEE81A016006B310052FDC8 /* NoSuchStepException.h */,
				BAEE81A116006B310052FDC8 /* NoSuchStepException.m */,
				BAEE81A216006B310052FDC8 /* TcmNotReachableException.h */,
				BAEE81A316006B310052FDC8 /* TcmNotReachableException.m */,
			);
			path = exception;
			sourceTree = "<group>";
		};
		BAEE81A416006B310052FDC8 /* net */ = {
			isa = PBXGroup;
			children = (
				BAEE81A616006B310052FDC8 /* TcmCommunicator.h */,
				BAEE81A716006B310052FDC8 /* TcmCommunicator.m */,
				BA058EA01609A52200CA2522 /* HttpCommunicator.h */,
				BA058EA11609A52200CA2522 /* HttpCommunicator.m */,
			);
			path = net;
			sourceTree = "<group>";
		};
		BAEE81AA16006B310052FDC8 /* util */ = {
			isa = PBXGroup;
			children = (
				BAEE81AB16006B310052FDC8 /* CommandUtil.h */,
				BAEE81AC16006B310052FDC8 /* CommandUtil.m */,
				BAEE81AD16006B310052FDC8 /* Constant.h */,
				BAEE81AE16006B310052FDC8 /* Constant.m */,
				BAEE81AF16006B310052FDC8 /* CredentialStorage.h */,
				BAEE81B016006B310052FDC8 /* CredentialStorage.m */,
				BAEE81CB16006B310052FDC8 /* QALog.h */,
				BAEE81CC16006B310052FDC8 /* QALog.m */,
				BAEE81CD16006B310052FDC8 /* StringUtil.h */,
				BAEE81CE16006B310052FDC8 /* StringUtil.m */,
			);
			path = util;
			sourceTree = "<group>";
		};
		BAEE81CF16006B310052FDC8 /* vendor */ = {
			isa = PBXGroup;
			children = (
				BA57B8F4161307AB009B7539 /* OCHamcrestIOS.framework */,
				BAEE821216006B9A0052FDC8 /* ASI */,
				BAEE822916006B9A0052FDC8 /* SBJson */,
			);
			path = vendor;
			sourceTree = "<group>";
		};
		BAEE821216006B9A0052FDC8 /* ASI */ = {
			isa = PBXGroup;
			children = (
				BAEE821316006B9A0052FDC8 /* ASIAuthenticationDialog.h */,
				BAEE821416006B9A0052FDC8 /* ASIAuthenticationDialog.m */,
				BAEE821516006B9A0052FDC8 /* ASICacheDelegate.h */,
				BAEE821616006B9A0052FDC8 /* ASIDataCompressor.h */,
				BAEE821716006B9A0052FDC8 /* ASIDataCompressor.m */,
				BAEE821816006B9A0052FDC8 /* ASIDataDecompressor.h */,
				BAEE821916006B9A0052FDC8 /* ASIDataDecompressor.m */,
				BAEE821A16006B9A0052FDC8 /* ASIDownloadCache.h */,
				BAEE821B16006B9A0052FDC8 /* ASIDownloadCache.m */,
				BAEE821C16006B9A0052FDC8 /* ASIFormDataRequest.h */,
				BAEE821D16006B9A0052FDC8 /* ASIFormDataRequest.m */,
				BAEE821E16006B9A0052FDC8 /* ASIHTTPRequest.h */,
				BAEE821F16006B9A0052FDC8 /* ASIHTTPRequest.m */,
				BAEE822016006B9A0052FDC8 /* ASIHTTPRequestConfig.h */,
				BAEE822116006B9A0052FDC8 /* ASIHTTPRequestDelegate.h */,
				BAEE822216006B9A0052FDC8 /* ASIInputStream.h */,
				BAEE822316006B9A0052FDC8 /* ASIInputStream.m */,
				BAEE822416006B9A0052FDC8 /* ASINetworkQueue.h */,
				BAEE822516006B9A0052FDC8 /* ASINetworkQueue.m */,
				BAEE822616006B9A0052FDC8 /* ASIProgressDelegate.h */,
				BAEE822716006B9A0052FDC8 /* Reachability.h */,
				BAEE822816006B9A0052FDC8 /* Reachability.m */,
			);
			path = ASI;
			sourceTree = "<group>";
		};
		BAEE822916006B9A0052FDC8 /* SBJson */ = {
			isa = PBXGroup;
			children = (
				BAEE822A16006B9A0052FDC8 /* NSObject+SBJson.h */,
				BAEE822B16006B9A0052FDC8 /* NSObject+SBJson.m */,
				BAEE822C16006B9A0052FDC8 /* SBJson.h */,
				BAEE822D16006B9A0052FDC8 /* SBJsonParser.h */,
				BAEE822E16006B9A0052FDC8 /* SBJsonParser.m */,
				BAEE822F16006B9A0052FDC8 /* SBJsonStreamParser.h */,
				BAEE823016006B9A0052FDC8 /* SBJsonStreamParser.m */,
				BAEE823116006B9A0052FDC8 /* SBJsonStreamParserAccumulator.h */,
				BAEE823216006B9A0052FDC8 /* SBJsonStreamParserAccumulator.m */,
				BAEE823316006B9A0052FDC8 /* SBJsonStreamParserAdapter.h */,
				BAEE823416006B9A0052FDC8 /* SBJsonStreamParserAdapter.m */,
				BAEE823516006B9A0052FDC8 /* SBJsonStreamParserState.h */,
				BAEE823616006B9A0052FDC8 /* SBJsonStreamParserState.m */,
				BAEE823716006B9A0052FDC8 /* SBJsonStreamWriter.h */,
				BAEE823816006B9A0052FDC8 /* SBJsonStreamWriter.m */,
				BAEE823916006B9A0052FDC8 /* SBJsonStreamWriterAccumulator.h */,
				BAEE823A16006B9A0052FDC8 /* SBJsonStreamWriterAccumulator.m */,
				BAEE823B16006B9A0052FDC8 /* SBJsonStreamWriterState.h */,
				BAEE823C16006B9A0052FDC8 /* SBJsonStreamWriterState.m */,
				BAEE823D16006B9A0052FDC8 /* SBJsonTokeniser.h */,
				BAEE823E16006B9A0052FDC8 /* SBJsonTokeniser.m */,
				BAEE823F16006B9A0052FDC8 /* SBJsonUTF8Stream.h */,
				BAEE824016006B9A0052FDC8 /* SBJsonUTF8Stream.m */,
				BAEE824116006B9A0052FDC8 /* SBJsonWriter.h */,
				BAEE824216006B9A0052FDC8 /* SBJsonWriter.m */,
			);
			path = SBJson;
			sourceTree = "<group>";
		};
/* End PBXGroup section */

/* Begin PBXNativeTarget section */
		BAEE816616006AFB0052FDC8 /* QAAutoLib */ = {
			isa = PBXNativeTarget;
			buildConfigurationList = BAEE817516006AFB0052FDC8 /* Build configuration list for PBXNativeTarget "QAAutoLib" */;
			buildPhases = (
				BAEE816316006AFB0052FDC8 /* Sources */,
				BAEE816416006AFB0052FDC8 /* Frameworks */,
				BAEE816516006AFB0052FDC8 /* CopyFiles */,
			);
			buildRules = (
			);
			dependencies = (
			);
			name = QAAutoLib;
			productName = QAAutoLib;
			productReference = BAEE816716006AFB0052FDC8 /* libQAAutoLib.a */;
			productType = "com.apple.product-type.library.static";
		};
/* End PBXNativeTarget section */

/* Begin PBXProject section */
		BAEE815E16006AFB0052FDC8 /* Project object */ = {
			isa = PBXProject;
			attributes = {
				LastUpgradeCheck = 0440;
				ORGANIZATIONNAME = OFQA;
			};
			buildConfigurationList = BAEE816116006AFB0052FDC8 /* Build configuration list for PBXProject "QAAutoLib" */;
			compatibilityVersion = "Xcode 3.2";
			developmentRegion = English;
			hasScannedForEncodings = 0;
			knownRegions = (
				en,
			);
			mainGroup = BAEE815C16006AFB0052FDC8;
			productRefGroup = BAEE816816006AFB0052FDC8 /* Products */;
			projectDirPath = "";
			projectRoot = "";
			targets = (
				BAEE816616006AFB0052FDC8 /* QAAutoLib */,
			);
		};
/* End PBXProject section */

/* Begin PBXSourcesBuildPhase section */
		BAEE816316006AFB0052FDC8 /* Sources */ = {
			isa = PBXSourcesBuildPhase;
			buildActionMask = 2147483647;
			files = (
				BAEE817216006AFB0052FDC8 /* QAAutoLib.m in Sources */,
				BAEE81E616006B310052FDC8 /* CaseBuilderFactory.m in Sources */,
				BAEE81E716006B310052FDC8 /* FileCaseBuilder.m in Sources */,
				BAEE81E816006B310052FDC8 /* TcmCaseBuilder.m in Sources */,
				BAEE81E916006B310052FDC8 /* Step.m in Sources */,
				BAEE81EA16006B310052FDC8 /* StepDefinition.m in Sources */,
				BAEE81EB16006B310052FDC8 /* StepHolder.m in Sources */,
				BAEE81EC16006B310052FDC8 /* StepMethod.m in Sources */,
				BAEE81ED16006B310052FDC8 /* StepParser.m in Sources */,
				BAEE81EE16006B310052FDC8 /* StepResult.m in Sources */,
				BAEE81EF16006B310052FDC8 /* TestCase.m in Sources */,
				BAEE81F016006B310052FDC8 /* TestRunner+TcmResultPusher.m in Sources */,
				BAEE81F116006B310052FDC8 /* TestRunner.m in Sources */,
				BAEE81F216006B310052FDC8 /* AssertException.m in Sources */,
				BAEE81F316006B310052FDC8 /* NoCommandMatchException.m in Sources */,
				BAEE81F416006B310052FDC8 /* NoSuchStepException.m in Sources */,
				BAEE81F516006B310052FDC8 /* TcmNotReachableException.m in Sources */,
				BAEE81F616006B310052FDC8 /* TcmCommunicator.m in Sources */,
				BAEE81F716006B310052FDC8 /* QAAssert.m in Sources */,
				BAEE81F816006B310052FDC8 /* CommandUtil.m in Sources */,
				BAEE81F916006B310052FDC8 /* Constant.m in Sources */,
				BAEE81FA16006B310052FDC8 /* CredentialStorage.m in Sources */,
				BAEE820716006B310052FDC8 /* QALog.m in Sources */,
				BAEE820816006B310052FDC8 /* StringUtil.m in Sources */,
				BAEE824316006B9A0052FDC8 /* ASIAuthenticationDialog.m in Sources */,
				BAEE824416006B9A0052FDC8 /* ASIDataCompressor.m in Sources */,
				BAEE824516006B9A0052FDC8 /* ASIDataDecompressor.m in Sources */,
				BAEE824616006B9A0052FDC8 /* ASIDownloadCache.m in Sources */,
				BAEE824716006B9A0052FDC8 /* ASIFormDataRequest.m in Sources */,
				BAEE824816006B9A0052FDC8 /* ASIHTTPRequest.m in Sources */,
				BAEE824916006B9A0052FDC8 /* ASIInputStream.m in Sources */,
				BAEE824A16006B9A0052FDC8 /* ASINetworkQueue.m in Sources */,
				BAEE824B16006B9A0052FDC8 /* Reachability.m in Sources */,
				BAEE824C16006B9A0052FDC8 /* NSObject+SBJson.m in Sources */,
				BAEE824D16006B9A0052FDC8 /* SBJsonParser.m in Sources */,
				BAEE824E16006B9A0052FDC8 /* SBJsonStreamParser.m in Sources */,
				BAEE824F16006B9A0052FDC8 /* SBJsonStreamParserAccumulator.m in Sources */,
				BAEE825016006B9A0052FDC8 /* SBJsonStreamParserAdapter.m in Sources */,
				BAEE825116006B9A0052FDC8 /* SBJsonStreamParserState.m in Sources */,
				BAEE825216006B9A0052FDC8 /* SBJsonStreamWriter.m in Sources */,
				BAEE825316006B9A0052FDC8 /* SBJsonStreamWriterAccumulator.m in Sources */,
				BAEE825416006B9A0052FDC8 /* SBJsonStreamWriterState.m in Sources */,
				BAEE825516006B9A0052FDC8 /* SBJsonTokeniser.m in Sources */,
				BAEE825616006B9A0052FDC8 /* SBJsonUTF8Stream.m in Sources */,
				BAEE825716006B9A0052FDC8 /* SBJsonWriter.m in Sources */,
				BA058EA21609A52200CA2522 /* HttpCommunicator.m in Sources */,
				BA058EA51609B3F300CA2522 /* QAAutoFramework.m in Sources */,
			);
			runOnlyForDeploymentPostprocessing = 0;
		};
/* End PBXSourcesBuildPhase section */

/* Begin XCBuildConfiguration section */
		BAEE817316006AFB0052FDC8 /* Debug */ = {
			isa = XCBuildConfiguration;
			buildSettings = {
				ALWAYS_SEARCH_USER_PATHS = NO;
				ARCHS = "$(ARCHS_STANDARD_32_BIT)";
				CLANG_CXX_LANGUAGE_STANDARD = "gnu++0x";
				CLANG_ENABLE_OBJC_ARC = YES;
				CLANG_WARN__DUPLICATE_METHOD_MATCH = YES;
				COPY_PHASE_STRIP = NO;
				GCC_C_LANGUAGE_STANDARD = gnu99;
				GCC_DYNAMIC_NO_PIC = NO;
				GCC_OPTIMIZATION_LEVEL = 0;
				GCC_PREPROCESSOR_DEFINITIONS = (
					"DEBUG=1",
					"$(inherited)",
				);
				GCC_SYMBOLS_PRIVATE_EXTERN = NO;
				GCC_VERSION = com.apple.compilers.llvm.clang.1_0;
				GCC_WARN_ABOUT_RETURN_TYPE = YES;
				GCC_WARN_UNINITIALIZED_AUTOS = YES;
				GCC_WARN_UNUSED_VARIABLE = YES;
				IPHONEOS_DEPLOYMENT_TARGET = 5.1;
				SDKROOT = iphoneos;
			};
			name = Debug;
		};
		BAEE817416006AFB0052FDC8 /* Release */ = {
			isa = XCBuildConfiguration;
			buildSettings = {
				ALWAYS_SEARCH_USER_PATHS = NO;
				ARCHS = "$(ARCHS_STANDARD_32_BIT)";
				CLANG_CXX_LANGUAGE_STANDARD = "gnu++0x";
				CLANG_ENABLE_OBJC_ARC = YES;
				CLANG_WARN__DUPLICATE_METHOD_MATCH = YES;
				COPY_PHASE_STRIP = YES;
				GCC_C_LANGUAGE_STANDARD = gnu99;
				GCC_VERSION = com.apple.compilers.llvm.clang.1_0;
				GCC_WARN_ABOUT_RETURN_TYPE = YES;
				GCC_WARN_UNINITIALIZED_AUTOS = YES;
				GCC_WARN_UNUSED_VARIABLE = YES;
				IPHONEOS_DEPLOYMENT_TARGET = 5.1;
				SDKROOT = iphoneos;
				VALIDATE_PRODUCT = YES;
			};
			name = Release;
		};
		BAEE817616006AFB0052FDC8 /* Debug */ = {
			isa = XCBuildConfiguration;
			buildSettings = {
				CLANG_ENABLE_OBJC_ARC = NO;
				DSTROOT = /tmp/QAAutoLib.dst;
				FRAMEWORK_SEARCH_PATHS = (
					"$(inherited)",
					"\"$(SRCROOT)/QAAutoLib/vendor\"",
				);
				GCC_PRECOMPILE_PREFIX_HEADER = YES;
				GCC_PREFIX_HEADER = "QAAutoLib/QAAutoLib-Prefix.pch";
				OTHER_LDFLAGS = "-ObjC";
				PRODUCT_NAME = "$(TARGET_NAME)";
				SKIP_INSTALL = YES;
			};
			name = Debug;
		};
		BAEE817716006AFB0052FDC8 /* Release */ = {
			isa = XCBuildConfiguration;
			buildSettings = {
				CLANG_ENABLE_OBJC_ARC = NO;
				DSTROOT = /tmp/QAAutoLib.dst;
				FRAMEWORK_SEARCH_PATHS = (
					"$(inherited)",
					"\"$(SRCROOT)/QAAutoLib/vendor\"",
				);
				GCC_PRECOMPILE_PREFIX_HEADER = YES;
				GCC_PREFIX_HEADER = "QAAutoLib/QAAutoLib-Prefix.pch";
				OTHER_LDFLAGS = "-ObjC";
				PRODUCT_NAME = "$(TARGET_NAME)";
				SKIP_INSTALL = YES;
			};
			name = Release;
		};
/* End XCBuildConfiguration section */

/* Begin XCConfigurationList section */
		BAEE816116006AFB0052FDC8 /* Build configuration list for PBXProject "QAAutoLib" */ = {
			isa = XCConfigurationList;
			buildConfigurations = (
				BAEE817316006AFB0052FDC8 /* Debug */,
				BAEE817416006AFB0052FDC8 /* Release */,
			);
			defaultConfigurationIsVisible = 0;
			defaultConfigurationName = Release;
		};
		BAEE817516006AFB0052FDC8 /* Build configuration list for PBXNativeTarget "QAAutoLib" */ = {
			isa = XCConfigurationList;
			buildConfigurations = (
				BAEE817616006AFB0052FDC8 /* Debug */,
				BAEE817716006AFB0052FDC8 /* Release */,
			);
			defaultConfigurationIsVisible = 0;
			defaultConfigurationName = Release;
		};
/* End XCConfigurationList section */
	};
	rootObject = BAEE815E16006AFB0052FDC8 /* Project object */;
}
